dependencies:
- name: kibana
  repository: https://charts.bitnami.com/bitnami
  version: 10.2.18
- name: common
  repository: https://charts.bitnami.com/bitnami
  version: 2.2.4
digest: sha256:36d15cffb1abce273aadcf421500fff52660dde6a0d26db92a54ffe4e1f58c1e
generated: "2023-04-17T02:09:55.3736186-04:00"
